// !$*UTF8*$!
{
	archiveVersion = 1;
	classes = {
	};
	objectVersion = 46;
	objects = {

/* Begin PBXBuildFile section */
		FB79EF4F1F23C219004F2661 /* AppDelegate.swift in Sources */ = {isa = PBXBuildFile; fileRef = FB79EF4E1F23C219004F2661 /* AppDelegate.swift */; };
		FB79EF511F23C219004F2661 /* ViewController.swift in Sources */ = {isa = PBXBuildFile; fileRef = FB79EF501F23C219004F2661 /* ViewController.swift */; };
		FB79EF541F23C219004F2661 /* Main.storyboard in Resources */ = {isa = PBXBuildFile; fileRef = FB79EF521F23C219004F2661 /* Main.storyboard */; };
		FB79EF561F23C219004F2661 /* Assets.xcassets in Resources */ = {isa = PBXBuildFile; fileRef = FB79EF551F23C219004F2661 /* Assets.xcassets */; };
		FB79EF591F23C219004F2661 /* LaunchScreen.storyboard in Resources */ = {isa = PBXBuildFile; fileRef = FB79EF571F23C219004F2661 /* LaunchScreen.storyboard */; };
		FB79EF641F23C219004F2661 /* SaveTheKittensTests.swift in Sources */ = {isa = PBXBuildFile; fileRef = FB79EF631F23C219004F2661 /* SaveTheKittensTests.swift */; };
/* End PBXBuildFile section */

/* Begin PBXContainerItemProxy section */
		FB79EF601F23C219004F2661 /* PBXContainerItemProxy */ = {
			isa = PBXContainerItemProxy;
			containerPortal = FB79EF431F23C219004F2661 /* Project object */;
			proxyType = 1;
			remoteGlobalIDString = FB79EF4A1F23C219004F2661;
			remoteInfo = SaveTheKittens;
		};
/* End PBXContainerItemProxy section */

/* Begin PBXFileReference section */
		FB79EF4B1F23C219004F2661 /* SaveTheKittens.app */ = {isa = PBXFileReference; explicitFileType = wrapper.application; includeInIndex = 0; path = SaveTheKittens.app; sourceTree = BUILT_PRODUCTS_DIR; };
		FB79EF4E1F23C219004F2661 /* AppDelegate.swift */ = {isa = PBXFileReference; lastKnownFileType = sourcecode.swift; path = AppDelegate.swift; sourceTree = "<group>"; };
		FB79EF501F23C219004F2661 /* ViewController.swift */ = {isa = PBXFileReference; lastKnownFileType = sourcecode.swift; path = ViewController.swift; sourceTree = "<group>"; };
		FB79EF531F23C219004F2661 /* Base */ = {isa = PBXFileReference; lastKnownFileType = file.storyboard; name = Base; path = Base.lproj/Main.storyboard; sourceTree = "<group>"; };
		FB79EF551F23C219004F2661 /* Assets.xcassets */ = {isa = PBXFileReference; lastKnownFileType = folder.assetcatalog; path = Assets.xcassets; sourceTree = "<group>"; };
		FB79EF581F23C219004F2661 /* Base */ = {isa = PBXFileReference; lastKnownFileType = file.storyboard; name = Base; path = Base.lproj/LaunchScreen.storyboard; sourceTree = "<group>"; };
		FB79EF5A1F23C219004F2661 /* Info.plist */ = {isa = PBXFileReference; lastKnownFileType = text.plist.xml; path = Info.plist; sourceTree = "<group>"; };
		FB79EF5F1F23C219004F2661 /* SaveTheKittensTests.xctest */ = {isa = PBXFileReference; explicitFileType = wrapper.cfbundle; includeInIndex = 0; path = SaveTheKittensTests.xctest; sourceTree = BUILT_PRODUCTS_DIR; };
		FB79EF631F23C219004F2661 /* SaveTheKittensTests.swift */ = {isa = PBXFileReference; lastKnownFileType = sourcecode.swift; path = SaveTheKittensTests.swift; sourceTree = "<group>"; };
		FB79EF651F23C219004F2661 /* Info.plist */ = {isa = PBXFileReference; lastKnownFileType = text.plist.xml; path = Info.plist; sourceTree = "<group>"; };
/* End PBXFileReference section */

/* Begin PBXFrameworksBuildPhase section */
		FB79EF481F23C219004F2661 /* Frameworks */ = {
			isa = PBXFrameworksBuildPhase;
			buildActionMask = 2147483647;
			files = (
			);
			runOnlyForDeploymentPostprocessing = 0;
		};
		FB79EF5C1F23C219004F2661 /* Frameworks */ = {
			isa = PBXFrameworksBuildPhase;
			buildActionMask = 2147483647;
			files = (
			);
			runOnlyForDeploymentPostprocessing = 0;
		};
/* End PBXFrameworksBuildPhase section */

/* Begin PBXGroup section */
		FB79EF421F23C219004F2661 = {
			isa = PBXGroup;
			children = (
				FB79EF4D1F23C219004F2661 /* SaveTheKittens */,
				FB79EF621F23C219004F2661 /* SaveTheKittensTests */,
				FB79EF4C1F23C219004F2661 /* Products */,
			);
			sourceTree = "<group>";
		};
		FB79EF4C1F23C219004F2661 /* Products */ = {
			isa = PBXGroup;
			children = (
				FB79EF4B1F23C219004F2661 /* SaveTheKittens.app */,
				FB79EF5F1F23C219004F2661 /* SaveTheKittensTests.xctest */,
			);
			name = Products;
			sourceTree = "<group>";
		};
		FB79EF4D1F23C219004F2661 /* SaveTheKittens */ = {
			isa = PBXGroup;
			children = (
				FB79EF4E1F23C219004F2661 /* AppDelegate.swift */,
				FB79EF501F23C219004F2661 /* ViewController.swift */,
				FB79EF521F23C219004F2661 /* Main.storyboard */,
				FB79EF551F23C219004F2661 /* Assets.xcassets */,
				FB79EF571F23C219004F2661 /* LaunchScreen.storyboard */,
				FB79EF5A1F23C219004F2661 /* Info.plist */,
			);
			path = SaveTheKittens;
			sourceTree = "<group>";
		};
		FB79EF621F23C219004F2661 /* SaveTheKittensTests */ = {
			isa = PBXGroup;
			children = (
				FB79EF631F23C219004F2661 /* SaveTheKittensTests.swift */,
				FB79EF651F23C219004F2661 /* Info.plist */,
			);
			path = SaveTheKittensTests;
			sourceTree = "<group>";
		};
/* End PBXGroup section */

/* Begin PBXNativeTarget section */
		FB79EF4A1F23C219004F2661 /* SaveTheKittens */ = {
			isa = PBXNativeTarget;
			buildConfigurationList = FB79EF681F23C219004F2661 /* Build configuration list for PBXNativeTarget "SaveTheKittens" */;
			buildPhases = (
				FB79EF471F23C219004F2661 /* Sources */,
				FB79EF481F23C219004F2661 /* Frameworks */,
				FB79EF491F23C219004F2661 /* Resources */,
			);
			buildRules = (
			);
			dependencies = (
			);
			name = SaveTheKittens;
			productName = SaveTheKittens;
			productReference = FB79EF4B1F23C219004F2661 /* SaveTheKittens.app */;
			productType = "com.apple.product-type.application";
		};
		FB79EF5E1F23C219004F2661 /* SaveTheKittensTests */ = {
			isa = PBXNativeTarget;
			buildConfigurationList = FB79EF6B1F23C219004F2661 /* Build configuration list for PBXNativeTarget "SaveTheKittensTests" */;
			buildPhases = (
				FB79EF5B1F23C219004F2661 /* Sources */,
				FB79EF5C1F23C219004F2661 /* Frameworks */,
				FB79EF5D1F23C219004F2661 /* Resources */,
			);
			buildRules = (
			);
			dependencies = (
				FB79EF611F23C219004F2661 /* PBXTargetDependency */,
			);
			name = SaveTheKittensTests;
			productName = SaveTheKittensTests;
			productReference = FB79EF5F1F23C219004F2661 /* SaveTheKittensTests.xctest */;
			productType = "com.apple.product-type.bundle.unit-test";
		};
/* End PBXNativeTarget section */

/* Begin PBXProject section */
		FB79EF431F23C219004F2661 /* Project object */ = {
			isa = PBXProject;
			attributes = {
				LastSwiftUpdateCheck = 0830;
				LastUpgradeCheck = 0830;
				ORGANIZATIONNAME = "Alex Alajbegovic";
				TargetAttributes = {
					FB79EF4A1F23C219004F2661 = {
						CreatedOnToolsVersion = 8.3.3;
						ProvisioningStyle = Automatic;
					};
					FB79EF5E1F23C219004F2661 = {
						CreatedOnToolsVersion = 8.3.3;
						ProvisioningStyle = Automatic;
						TestTargetID = FB79EF4A1F23C219004F2661;
					};
				};
			};
			buildConfigurationList = FB79EF461F23C219004F2661 /* Build configuration list for PBXProject "SaveTheKittens" */;
			compatibilityVersion = "Xcode 3.2";
			developmentRegion = English;
			hasScannedForEncodings = 0;
			knownRegions = (
				en,
				Base,
			);
			mainGroup = FB79EF421F23C219004F2661;
			productRefGroup = FB79EF4C1F23C219004F2661 /* Products */;
			projectDirPath = "";
			projectRoot = "";
			targets = (
				FB79EF4A1F23C219004F2661 /* SaveTheKittens */,
				FB79EF5E1F23C219004F2661 /* SaveTheKittensTests */,
			);
		};
/* End PBXProject section */

/* Begin PBXResourcesBuildPhase section */
		FB79EF491F23C219004F2661 /* Resources */ = {
			isa = PBXResourcesBuildPhase;
			buildActionMask = 2147483647;
			files = (
				FB79EF591F23C219004F2661 /* LaunchScreen.storyboard in Resources */,
				FB79EF561F23C219004F2661 /* Assets.xcassets in Resources */,
				FB79EF541F23C219004F2661 /* Main.storyboard in Resources */,
			);
			runOnlyForDeploymentPostprocessing = 0;
		};
		FB79EF5D1F23C219004F2661 /* Resources */ = {
			isa = PBXResourcesBuildPhase;
			buildActionMask = 2147483647;
			files = (
			);
			runOnlyForDeploymentPostprocessing = 0;
		};
/* End PBXResourcesBuildPhase section */

/* Begin PBXSourcesBuildPhase section */
		FB79EF471F23C219004F2661 /* Sources */ = {
			isa = PBXSourcesBuildPhase;
			buildActionMask = 2147483647;
			files = (
				FB79EF511F23C219004F2661 /* ViewController.swift in Sources */,
				FB79EF4F1F23C219004F2661 /* AppDelegate.swift in Sources */,
			);
			runOnlyForDeploymentPostprocessing = 0;
		};
		FB79EF5B1F23C219004F2661 /* Sources */ = {
			isa = PBXSourcesBuildPhase;
			buildActionMask = 2147483647;
			files = (
				FB79EF641F23C219004F2661 /* SaveTheKittensTests.swift in Sources */,
			);
			runOnlyForDeploymentPostprocessing = 0;
		};
/* End PBXSourcesBuildPhase section */

/* Begin PBXTargetDependency section */
		FB79EF611F23C219004F2661 /* PBXTargetDependency */ = {
			isa = PBXTargetDependency;
			target = FB79EF4A1F23C219004F2661 /* SaveTheKittens */;
			targetProxy = FB79EF601F23C219004F2661 /* PBXContainerItemProxy */;
		};
/* End PBXTargetDependency section */

/* Begin PBXVariantGroup section */
		FB79EF521F23C219004F2661 /* Main.storyboard */ = {
			isa = PBXVariantGroup;
			children = (
				FB79EF531F23C219004F2661 /* Base */,
			);
			name = Main.storyboard;
			sourceTree = "<group>";
		};
		FB79EF571F23C219004F2661 /* LaunchScreen.storyboard */ = {
			isa = PBXVariantGroup;
			children = (
				FB79EF581F23C219004F2661 /* Base */,
			);
			name = LaunchScreen.storyboard;
			sourceTree = "<group>";
		};
/* End PBXVariantGroup section */

/* Begin XCBuildConfiguration section */
		FB79EF661F23C219004F2661 /* Debug */ = {
			isa = XCBuildConfiguration;
			buildSettings = {
				ALWAYS_SEARCH_USER_PATHS = NO;
				CLANG_ANALYZER_NONNULL = YES;
				CLANG_ANALYZER_NUMBER_OBJECT_CONVERSION = YES_AGGRESSIVE;
				CLANG_CXX_LANGUAGE_STANDARD = "gnu++0x";
				CLANG_CXX_LIBRARY = "libc++";
				CLANG_ENABLE_MODULES = YES;
				CLANG_ENABLE_OBJC_ARC = YES;
				CLANG_WARN_BOOL_CONVERSION = YES;
				CLANG_WARN_CONSTANT_CONVERSION = YES;
				CLANG_WARN_DIRECT_OBJC_ISA_USAGE = YES_ERROR;
				CLANG_WARN_DOCUMENTATION_COMMENTS = YES;
				CLANG_WARN_EMPTY_BODY = YES;
				CLANG_WARN_ENUM_CONVERSION = YES;
				CLANG_WARN_INFINITE_RECURSION = YES;
				CLANG_WARN_INT_CONVERSION = YES;
				CLANG_WARN_OBJC_ROOT_CLASS = YES_ERROR;
				CLANG_WARN_SUSPICIOUS_MOVE = YES;
				CLANG_WARN_UNREACHABLE_CODE = YES;
				CLANG_WARN__DUPLICATE_METHOD_MATCH = YES;
				"CODE_SIGN_IDENTITY[sdk=iphoneos*]" = "iPhone Developer";
				COPY_PHASE_STRIP = NO;
				DEBUG_INFORMATION_FORMAT = dwarf;
				ENABLE_STRICT_OBJC_MSGSEND = YES;
				ENABLE_TESTABILITY = YES;
				GCC_C_LANGUAGE_STANDARD = gnu99;
				GCC_DYNAMIC_NO_PIC = NO;
				GCC_NO_COMMON_BLOCKS = YES;
				GCC_OPTIMIZATION_LEVEL = 0;
				GCC_PREPROCESSOR_DEFINITIONS = (
					"DEBUG=1",
					"$(inherited)",
				);
				GCC_WARN_64_TO_32_BIT_CONVERSION = YES;
				GCC_WARN_ABOUT_RETURN_TYPE = YES_ERROR;
				GCC_WARN_UNDECLARED_SELECTOR = YES;
				GCC_WARN_UNINITIALIZED_AUTOS = YES_AGGRESSIVE;
				GCC_WARN_UNUSED_FUNCTION = YES;
				GCC_WARN_UNUSED_VARIABLE = YES;
				IPHONEOS_DEPLOYMENT_TARGET = 10.3;
				MTL_ENABLE_DEBUG_INFO = YES;
				ONLY_ACTIVE_ARCH = YES;
				SDKROOT = iphoneos;
				SWIFT_ACTIVE_COMPILATION_CONDITIONS = DEBUG;
				SWIFT_OPTIMIZATION_LEVEL = "-Onone";
				TARGETED_DEVICE_FAMILY = "1,2";
			};
			name = Debug;
		};
		FB79EF671F23C219004F2661 /* Release */ = {
			isa = XCBuildConfiguration;
			buildSettings = {
				ALWAYS_SEARCH_USER_PATHS = NO;
				CLANG_ANALYZER_NONNULL = YES;
				CLANG_ANALYZER_NUMBER_OBJECT_CONVERSION = YES_AGGRESSIVE;
				CLANG_CXX_LANGUAGE_STANDARD = "gnu++0x";
				CLANG_CXX_LIBRARY = "libc++";
				CLANG_ENABLE_MODULES = YES;
				CLANG_ENABLE_OBJC_ARC = YES;
				CLANG_WARN_BOOL_CONVERSION = YES;
				CLANG_WARN_CONSTANT_CONVERSION = YES;
				CLANG_WARN_DIRECT_OBJC_ISA_USAGE = YES_ERROR;
				CLANG_WARN_DOCUMENTATION_COMMENTS = YES;
				CLANG_WARN_EMPTY_BODY = YES;
				CLANG_WARN_ENUM_CONVERSION = YES;
				CLANG_WARN_INFINITE_RECURSION = YES;
				CLANG_WARN_INT_CONVERSION = YES;
				CLANG_WARN_OBJC_ROOT_CLASS = YES_ERROR;
				CLANG_WARN_SUSPICIOUS_MOVE = YES;
				CLANG_WARN_UNREACHABLE_CODE = YES;
				CLANG_WARN__DUPLICATE_METHOD_MATCH = YES;
				"CODE_SIGN_IDENTITY[sdk=iphoneos*]" = "iPhone Developer";
				COPY_PHASE_STRIP = NO;
				DEBUG_INFORMATION_FORMAT = "dwarf-with-dsym";
				ENABLE_NS_ASSERTIONS = NO;
				ENABLE_STRICT_OBJC_MSGSEND = YES;
				GCC_C_LANGUAGE_STANDARD = gnu99;
				GCC_NO_COMMON_BLOCKS = YES;
				GCC_WARN_64_TO_32_BIT_CONVERSION = YES;
				GCC_WARN_ABOUT_RETURN_TYPE = YES_ERROR;
				GCC_WARN_UNDECLARED_SELECTOR = YES;
				GCC_WARN_UNINITIALIZED_AUTOS = YES_AGGRESSIVE;
				GCC_WARN_UNUSED_FUNCTION = YES;
				GCC_WARN_UNUSED_VARIABLE = YES;
				IPHONEOS_DEPLOYMENT_TARGET = 10.3;
				MTL_ENABLE_DEBUG_INFO = NO;
				SDKROOT = iphoneos;
				SWIFT_OPTIMIZATION_LEVEL = "-Owholemodule";
				TARGETED_DEVICE_FAMILY = "1,2";
				VALIDATE_PRODUCT = YES;
			};
			name = Release;
		};
		FB79EF691F23C219004F2661 /* Debug */ = {
			isa = XCBuildConfiguration;
			buildSettings = {
				ASSETCATALOG_COMPILER_APPICON_NAME = AppIcon;
				INFOPLIST_FILE = SaveTheKittens/Info.plist;
				LD_RUNPATH_SEARCH_PATHS = "$(inherited) @executable_path/Frameworks";
				PRODUCT_BUNDLE_IDENTIFIER = Trippayinc.SaveTheKittens;
				PRODUCT_NAME = "$(TARGET_NAME)";
				SWIFT_VERSION = 3.0;
			};
			name = Debug;
		};
		FB79EF6A1F23C219004F2661 /* Release */ = {
			isa = XCBuildConfiguration;
			buildSettings = {
				ASSETCATALOG_COMPILER_APPICON_NAME = AppIcon;
				INFOPLIST_FILE = SaveTheKittens/Info.plist;
				LD_RUNPATH_SEARCH_PATHS = "$(inherited) @executable_path/Frameworks";
				PRODUCT_BUNDLE_IDENTIFIER = Trippayinc.SaveTheKittens;
				PRODUCT_NAME = "$(TARGET_NAME)";
				SWIFT_VERSION = 3.0;
			};
			name = Release;
		};
		FB79EF6C1F23C219004F2661 /* Debug */ = {
			isa = XCBuildConfiguration;
			buildSettings = {
				ALWAYS_EMBED_SWIFT_STANDARD_LIBRARIES = YES;
				BUNDLE_LOADER = "$(TEST_HOST)";
				INFOPLIST_FILE = SaveTheKittensTests/Info.plist;
				LD_RUNPATH_SEARCH_PATHS = "$(inherited) @executable_path/Frameworks @loader_path/Frameworks";
				PRODUCT_BUNDLE_IDENTIFIER = Trippayinc.SaveTheKittensTests;
				PRODUCT_NAME = "$(TARGET_NAME)";
				SWIFT_VERSION = 3.0;
				TEST_HOST = "$(BUILT_PRODUCTS_DIR)/SaveTheKittens.app/SaveTheKittens";
			};
			name = Debug;
		};
		FB79EF6D1F23C219004F2661 /* Release */ = {
			isa = XCBuildConfiguration;
			buildSettings = {
				ALWAYS_EMBED_SWIFT_STANDARD_LIBRARIES = YES;
				BUNDLE_LOADER = "$(TEST_HOST)";
				INFOPLIST_FILE = SaveTheKittensTests/Info.plist;
				LD_RUNPATH_SEARCH_PATHS = "$(inherited) @executable_path/Frameworks @loader_path/Frameworks";
				PRODUCT_BUNDLE_IDENTIFIER = Trippayinc.SaveTheKittensTests;
				PRODUCT_NAME = "$(TARGET_NAME)";
				SWIFT_VERSION = 3.0;
				TEST_HOST = "$(BUILT_PRODUCTS_DIR)/SaveTheKittens.app/SaveTheKittens";
			};
			name = Release;
		};
/* End XCBuildConfiguration section */

/* Begin XCConfigurationList section */
		FB79EF461F23C219004F2661 /* Build configuration list for PBXProject "SaveTheKittens" */ = {
			isa = XCConfigurationList;
			buildConfigurations = (
				FB79EF661F23C219004F2661 /* Debug */,
				FB79EF671F23C219004F2661 /* Release */,
			);
			defaultConfigurationIsVisible = 0;
			defaultConfigurationName = Release;
		};
		FB79EF681F23C219004F2661 /* Build configuration list for PBXNativeTarget "SaveTheKittens" */ = {
			isa = XCConfigurationList;
			buildConfigurations = (
				FB79EF691F23C219004F2661 /* Debug */,
				FB79EF6A1F23C219004F2661 /* Release */,
			);
			defaultConfigurationIsVisible = 0;
		};
		FB79EF6B1F23C219004F2661 /* Build configuration list for PBXNativeTarget "SaveTheKittensTests" */ = {
			isa = XCConfigurationList;
			buildConfigurations = (
				FB79EF6C1F23C219004F2661 /* Debug */,
				FB79EF6D1F23C219004F2661 /* Release */,
			);
			defaultConfigurationIsVisible = 0;
		};
/* End XCConfigurationList section */
	};
	rootObject = FB79EF431F23C219004F2661 /* Project object */;
}
